
Microsoft Visual Studio Solution File, Format Version 12.00
# Visual Studio Version 17
VisualStudioVersion = 17.2.32505.173
MinimumVisualStudioVersion = 10.0.40219.1
Project("{FAE04EC0-301F-11D3-BF4B-00C04F79EFBC}") = "NwareAppsInstaller", "NwareAppsInstaller\NwareAppsInstaller.csproj", "{19E219ED-524D-4B8F-9CEE-636FF77C7284}"
EndProject
Global
	GlobalSection(SolutionConfigurationPlatforms) = preSolution
		Debug|Any CPU = Debug|Any CPU
		Release|Any CPU = Release|Any CPU
	EndGlobalSection
	GlobalSection(ProjectConfigurationPlatforms) = postSolution
		{19E219ED-524D-4B8F-9CEE-636FF77C7284}.Debug|Any CPU.ActiveCfg = Debug|Any CPU
		{19E219ED-524D-4B8F-9CEE-636FF77C7284}.Debug|Any CPU.Build.0 = Debug|Any CPU
		{19E219ED-524D-4B8F-9CEE-636FF77C7284}.Release|Any CPU.ActiveCfg = Release|Any CPU
		{19E219ED-524D-4B8F-9CEE-636FF77C7284}.Release|Any CPU.Build.0 = Release|Any CPU
	EndGlobalSection
	GlobalSection(SolutionProperties) = preSolution
		HideSolutionNode = FALSE
	EndGlobalSection
	GlobalSection(ExtensibilityGlobals) = postSolution
		SolutionGuid = {59682F25-5346-44E2-939D-C2FD89F0D910}
	EndGlobalSection
EndGlobal
